github.com/Azure/azure-sdk-for-go v38.2.0+incompatible/go.mod h1:9XXNKU+eRnpl9moKnB4QOLf1HestfXbmab5FXxiDBjc=
github.com/Azure/go-autorest/autorest v0.9.0/go.mod h1:xyHB1BMZT0cuDHU7I0+g046+BFDTQ8rEZB0s4Yfa6bI=
github.com/Azure/go-autorest/autorest v0.9.3/go.mod h1:GsRuLYvwzLjjjRoWEIyMUaYq8GNUx2nRB378IPt/1p0=
github.com/Azure/go-autorest/autorest v0.9.4/go.mod h1:GsRuLYvwzLjjjRoWEIyMUaYq8GNUx2nRB378IPt/1p0=
github.com/Azure/go-autorest/autorest/adal v0.5.0/go.mod h1:8Z9fGy2MpX0PvDjB1pEgQTmVqjGhiHBW7RJJEciWzS0=
github.com/Azure/go-autorest/autorest/adal v0.8.0/go.mod h1:Z6vX6WXXuyieHAXwMj0S6HY6e6wcHn37qQMBQlvY3lc=
github.com/Azure/go-autorest/autorest/adal v0.8.1/go.mod h1:ZjhuQClTqx435SRJ2iMlOxPYt3d2C/T/7TiQCVZSn3Q=
github.com/Azure/go-autorest/autorest/azure/auth v0.4.2/go.mod h1:90gmfKdlmKgfjUpnCEpOJzsUEjrWDSLwHIG73tSXddM=
github.com/Azure/go-autorest/autorest/azure/cli v0.3.1/go.mod h1:ZG5p860J94/0kI9mNJVoIoLgXcirM2gF5i2kWloofxw=
github.com/Azure/go-autorest/autorest/date v0.1.0/go.mod h1:plvfp3oPSKwf2DNjlBjWF/7vwR+cUD/ELuzDCXwHUVA=
github.com/Azure/go-autorest/autorest/date v0.2.0/go.mod h1:vcORJHLJEh643/Ioh9+vPmf1Ij9AEBM5FuBIXLmIy0g=
github.com/Azure/go-autorest/autorest/mocks v0.1.0/go.mod h1:OTyCOPRA2IgIlWxVYxBee2F5Gr4kF2zd2J5cFRaIDN0=
github.com/Azure/go-autorest/autorest/mocks v0.2.0/go.mod h1:OTyCOPRA2IgIlWxVYxBee2F5Gr4kF2zd2J5cFRaIDN0=
github.com/Azure/go-autorest/autorest/mocks v0.3.0/go.mod h1:a8FDP3DYzQ4RYfVAxAN3SVSiiO77gL2j2ronKKP0syM=
github.com/Azure/go-autorest/autorest/to v0.3.0/go.mod h1:MgwOyqaIuKdG4TL/2ywSsIWKAfJfgHDo8ObuUk3t5sA=
github.com/Azure/go-autorest/autorest/validation v0.2.0/go.mod h1:3EEqHnBxQGHXRYq3HT1WyXAvT7LLY3tl70hw6tQIbjI=
github.com/Azure/go-autorest/logger v0.1.0/go.mod h1:oExouG+K6PryycPJfVSxi/koC6LSNgds39diKLz7Vrc=
github.com/Azure/go-autorest/tracing v0.5.0/go.mod h1:r/s2XiOKccPW3HrqB+W0TQzfbtp2fGCgRFtBroKn4Dk=
github.com/PuerkitoBio/goquery v1.5.0/go.mod h1:qD2PgZ9lccMbQlc7eEOjaeRlFQON7xY8kdmcsrnKqMg=
github.com/andybalholm/cascadia v1.0.0/go.mod h1:GsXiBklL0woXo1j/WYWtSYYC4ouU9PqHO0sqidkEA4Y=
github.com/andybalholm/cascadia v1.1.0/go.mod h1:GsXiBklL0woXo1j/WYWtSYYC4ouU9PqHO0sqidkEA4Y=
github.com/andygrunwald/go-jira v1.12.0/go.mod h1:jYi4kFDbRPZTJdJOVJO4mpMMIwdB+rcZwSO58DzPd2I=
github.com/aws/aws-sdk-go v1.26.8 h1:W+MPuCFLSO/itZkZ5GFOui0YC1j3lZ507/m5DFPtzE4=
github.com/aws/aws-sdk-go v1.26.8/go.mod h1:KmX6BPdI08NWTb3/sm4ZGu5ShLoqVDhKgpiN924inxo=
github.com/aws/aws-sdk-go v1.28.9 h1:grIuBQc+p3dTRXerh5+2OxSuWFi0iXuxbFdTSg0jaW0=
github.com/aws/aws-sdk-go v1.28.9/go.mod h1:KmX6BPdI08NWTb3/sm4ZGu5ShLoqVDhKgpiN924inxo=
github.com/benjivesterby/validator v1.0.0 h1:tH7Nmf9jTTyOUVxFDof71EbsBDYBAEkoKFF90m/7mnE=
github.com/benjivesterby/validator v1.0.0/go.mod h1:Z+2cejivNzuwe6GpnMfhRee5HUWzNCZgiKZCVpJEkAo=
github.com/benjivesterby/validator v1.0.1-0.20200101181545-cfd93a3612a2 h1:PESKLfNPoFDZbuwraQzmjFuCs9MaGDeoS9ANpFl4ppU=
github.com/benjivesterby/validator v1.0.1-0.20200101181545-cfd93a3612a2/go.mod h1:Z+2cejivNzuwe6GpnMfhRee5HUWzNCZgiKZCVpJEkAo=
github.com/davecgh/go-spew v1.1.0 h1:ZDRjVQ15GmhC3fiQ8ni8+OwkZQO4DARzQgrnXU1Liz8=
github.com/davecgh/go-spew v1.1.0/go.mod h1:J7Y8YcW2NihsgmVo/mv3lAwl/skON4iLHjSsI+c5H38=
github.com/dghubble/oauth1 v0.6.0/go.mod h1:8pFdfPkv/jr8mkChVbNVuJ0suiHe278BtWI4Tk1ujxk=
github.com/dgrijalva/jwt-go v3.2.0+incompatible/go.mod h1:E3ru+11k8xSBh+hMPgOLZmtrrCbhqsmaPHjLKYnJCaQ=
github.com/dimchansky/utfbom v1.1.0/go.mod h1:rO41eb7gLfo8SF1jd9F8HplJm1Fewwi4mQvIirEdv+8=
github.com/fatih/structs v1.0.0/go.mod h1:9NiDSp5zOcgEDl+j00MP/WkGVPOlPRLejGD8Ga6PJ7M=
github.com/fatih/structs v1.1.0/go.mod h1:9NiDSp5zOcgEDl+j00MP/WkGVPOlPRLejGD8Ga6PJ7M=
github.com/go-sql-driver/mysql v1.4.1 h1:g24URVg0OFbNUTx9qqY1IRZ9D9z3iPyi5zKhQZpNwpA=
github.com/go-sql-driver/mysql v1.4.1/go.mod h1:zAC/RDZ24gD3HViQzih4MyKcchzm+sOG5ZlKdlhCg5w=
github.com/go-sql-driver/mysql v1.5.0 h1:ozyZYNQW3x3HtqT1jira07DN2PArx2v7/mN66gGcHOs=
github.com/go-sql-driver/mysql v1.5.0/go.mod h1:DCzpHaOWr8IXmIStZouvnhqoel9Qv2LBy8hT2VhHyBg=
github.com/golang/protobuf v1.3.1/go.mod h1:6lQm79b+lXiMfvg/cZm0SGofjICqVBUtrP5yJMmIC1U=
github.com/google/go-cmp v0.3.0/go.mod h1:8QqcDgzrUqlUb/G2PQTWiueGozuR1884gddMywk6iLU=
github.com/google/go-querystring v0.0.0-20170111101155-53e6ce116135/go.mod h1:odCYkC5MyYFN7vkCjXpyrEuKhc/BUO6wN/zVPAxq5ck=
github.com/google/go-querystring v1.0.0/go.mod h1:odCYkC5MyYFN7vkCjXpyrEuKhc/BUO6wN/zVPAxq5ck=
github.com/google/uuid v1.1.1/go.mod h1:TIyPZe4MgqvfeYDBFedMoGGpEw/LqOeaOT+nhxU+yHo=
github.com/gorilla/websocket v1.4.1/go.mod h1:YR8l580nyteQvAITg2hZ9XVh4b55+EU/adAjf1fMHhE=
github.com/jmespath/go-jmespath v0.0.0-20180206201540-c2b33e8439af h1:pmfjZENx5imkbgOkpRUYLnmbU7UEFbjtDA2hxJ1ichM=
github.com/jmespath/go-jmespath v0.0.0-20180206201540-c2b33e8439af/go.mod h1:Nht3zPeWKUH0NzdCt2Blrr5ys8VGpn0CEB0cQHVjt7k=
github.com/mitchellh/go-homedir v1.1.0/go.mod h1:SfyaCUpYCn1Vlf4IUYiD9fPX4A5wJrkLzIz1N1q0pr0=
github.com/nortonlifelock/aegis v1.0.0 h1:JlH/UngRlWFI556TV5W7QBL884Io6K9NHgTrQMMBVuE=
github.com/nortonlifelock/aegis v1.0.1-0.20200214175024-391a38de2f21 h1:sYbknY2B2CLEIKtS1rg3fH7zilh35+EBLOSXfEClxH0=
github.com/nortonlifelock/aegis v1.0.1-0.20200214175024-391a38de2f21/go.mod h1:JwWZu8YoaU462JmPozV3rS4nNowhHjFymk0sN1lNQz0=
github.com/nortonlifelock/aegis-scaffold v1.0.1-0.20200213180058-3ccede17a9f7/go.mod h1:zHXocXsO6BMKn9IWPIjdBSitDJ2m0NBdaa0jX3WE45o=
github.com/nortonlifelock/aws v1.0.0/go.mod h1:aL7fXkwkl4AiJOoY393+wBa/+fIkpIknbbQj/TwcQvE=
github.com/nortonlifelock/azure v1.0.1-0.20200127180045-bed3edc24747/go.mod h1:hRxpHJca8syuW8CEz1w7lRXVah8by8HNamacwGlxp3k=
github.com/nortonlifelock/config v1.0.0/go.mod h1:xDBunuC9e1QXxCIM5ZxU7npUXHOaXYDASKGlksgXe84=
github.com/nortonlifelock/config v1.0.1-0.20200129171146-d3803db1431f/go.mod h1:kYqvv1CmtnEEKcidzmgxhC+2ikC/5SvwlBHDra2Vtn4=
github.com/nortonlifelock/connection v1.0.0 h1:qtUPEZ3RPb1uGb0ityKJsviJ7FLVhzb0AhvaxtVPSV0=
github.com/nortonlifelock/connection v1.0.0/go.mod h1:D3AcK+pIIFPt/hKhjuEkhkCRaSYelwSYmw8cKqmba/0=
github.com/nortonlifelock/connection v1.0.1-0.20200116160344-4d492cf1f581 h1:2e/zg1+s+XnncclXfJloVYs9iRGhv76yYYlMa8u58ZI=
github.com/nortonlifelock/connection v1.0.1-0.20200116160344-4d492cf1f581/go.mod h1:D3AcK+pIIFPt/hKhjuEkhkCRaSYelwSYmw8cKqmba/0=
github.com/nortonlifelock/crypto v1.0.0/go.mod h1:MHSeDdo7JD2jST/idBo3vUdl/InN0Lhifufwp/QEeYU=
github.com/nortonlifelock/crypto v1.0.1-0.20200127165412-c97765915ee8/go.mod h1:dJwnmKTSO62/y9nl2H3KYvR8HQXIrkkI9UDtJgIAYp8=
github.com/nortonlifelock/crypto v1.0.1-0.20200131192356-607bf4aedea4/go.mod h1:90KIfi8nqp4n1vegBWQRMmqBT3fjLVDNHGXXtaWvEKY=
github.com/nortonlifelock/crypto v1.0.1-0.20200213175907-562e87a94143/go.mod h1:90KIfi8nqp4n1vegBWQRMmqBT3fjLVDNHGXXtaWvEKY=
github.com/nortonlifelock/database v1.0.0/go.mod h1:035YkI7BlqtkCvMFG2Vr56Itj5XLn2sFwLnuNyzoh3Y=
github.com/nortonlifelock/database v1.0.1-0.20200131202803-7ada08c09229/go.mod h1:EBWNm2ErmNZPJQ3BXXdjs90t+BNXkunhUJUeLRs7+Xs=
github.com/nortonlifelock/domain v1.0.0 h1:U0sSI7nonNHIkneroyU/4M2kNxgM9LUsCoSokKdu5/U=
github.com/nortonlifelock/domain v1.0.0/go.mod h1:K3X+mz2P0Cx9bOob3jzqDCXM8UmAv4HKqrMUqFCOuh4=
github.com/nortonlifelock/domain v1.0.1-0.20200127165419-481d9e56f9ae/go.mod h1:HnL3BIG/tzGDi0F4N1ncI5r3Mxrm9MzEQ196bHGOFJM=
github.com/nortonlifelock/domain v1.0.1-0.20200127211249-fc2633dfea5f/go.mod h1:znFyCnzgKqtnNcBVQ8XHKyPxMsMR7QDkyAApQ58Avuo=
github.com/nortonlifelock/domain v1.0.1-0.20200128200642-4d2fc9a8a17d/go.mod h1:znFyCnzgKqtnNcBVQ8XHKyPxMsMR7QDkyAApQ58Avuo=
github.com/nortonlifelock/domain v1.0.1-0.20200131202818-36fd209d3c7b/go.mod h1:znFyCnzgKqtnNcBVQ8XHKyPxMsMR7QDkyAApQ58Avuo=
github.com/nortonlifelock/dome9 v1.0.0/go.mod h1:0c1bsMWR0hkuOBv2aKdhRPkJiyVCj6VQhB22/reZuCo=
github.com/nortonlifelock/files v1.0.0 h1:AKhTO0ozZsznao9tgrDbNkjaILPFadyBqWIKqSK4ylg=
github.com/nortonlifelock/files v1.0.0/go.mod h1:ysI+Id+8FykfZXLfd2dflw17naIW8ePei/rgLmTBIfM=
github.com/nortonlifelock/files v1.0.1-0.20200127165427-5178f1323f54 h1:kPXkjE1lRN4z6bvn2al0QqIln5WgKU7mafY45BFKLRQ=
github.com/nortonlifelock/files v1.0.1-0.20200127165427-5178f1323f54/go.mod h1:1oRpox7YM9AF1C2IqcOzEaEozMBf4g6w49LanGm14qk=
github.com/nortonlifelock/funnel v1.0.0 h1:MO+bM/Ih5cqlajo9TdPGwXdCpzKWUA8u0D7cI7Bsf8U=
github.com/nortonlifelock/funnel v1.0.0/go.mod h1:TuMsXaIdv7u3n3j00+3cjLD9M7CLR9xTeFm4yNJfzyw=
github.com/nortonlifelock/implementations v1.0.1-0.20200128212611-6c9b49b4c443/go.mod h1:Xik3aJmyyoRgvNEw13EoYW9eIr/MXahNfGcEKSZ2Das=
github.com/nortonlifelock/implementations v1.0.1-0.20200213180005-0c6576ebef01/go.mod h1:AI/R0EnXi7HF9K+weWzOUseklfIo5q3s5cAk+FVFlkE=
github.com/nortonlifelock/integrations v1.0.1-0.20200128212536-771f24189586/go.mod h1:aHaVuTJreWHcUdKOxEDYDKSYu4b+LKgZkCNOI+znKPY=
github.com/nortonlifelock/integrations v1.0.1-0.20200129171309-51d43a7fc1c1/go.mod h1:g8aYMTHv1aaQwY1OFeIjExgIBABKo0Rbok8q3mI7eyo=
github.com/nortonlifelock/jira v1.0.0/go.mod h1:/l+cun2ZqgMLOJ9rb6CBdNIxB4exwtlS1/ZcJGd4fPk=
github.com/nortonlifelock/jira v1.0.1-0.20200127165441-9aebd62c04d9/go.mod h1:alRb/Ju+7AyH2iUxFa+sU/kwJ1v+pIPCaA11DXKEqhE=
github.com/nortonlifelock/jira v1.0.1-0.20200210182625-eae6f78e78a9/go.mod h1:jDkXDL3o0GpVIIc+pADFBn0E58kdSFul0f5x7xW1tbg=
github.com/nortonlifelock/jira-tool v1.0.0/go.mod h1:/oHnPKmXd2vmw8qvJKtYpKb5fx0LwmFRuc2VGJn8QlU=
github.com/nortonlifelock/job v1.0.1-0.20200127165455-ca80a64d226c/go.mod h1:GalbAPRmp7xk/Q+shp3+XsPDQpMptfiovHvdzcCUA/I=
github.com/nortonlifelock/log v1.0.0 h1:ag8ehu+w+uvfwX8zjuQjYklhMrxDnR1qtJaydxO94E0=
github.com/nortonlifelock/log v1.0.0/go.mod h1:wL9ECRgtkte486J5tqQV7/7PUcmzQivBtSPTry/8sUc=
github.com/nortonlifelock/log v1.0.1-0.20200127165507-0a6906836276 h1:kGvLm4/Em3z41SfTel//nrySVmSveOj3vfd86AJ1+b4=
github.com/nortonlifelock/log v1.0.1-0.20200127165507-0a6906836276/go.mod h1:52OjXRnubIjJZrQWYFjYV8/YIR2BhPPAWN0Kbnkh/Jw=
github.com/nortonlifelock/log v1.0.1-0.20200129171320-c4a4dd839ed8 h1:SPjzX4ljHcNAguEn0mt2A+wy7E9z30lTV7Inxmpucts=
github.com/nortonlifelock/log v1.0.1-0.20200129171320-c4a4dd839ed8/go.mod h1:DTzX7Y5e3L34iyDmHZcCABLgAzNVS3LCYVyAY5Btbb0=
github.com/nortonlifelock/nexpose v1.0.1-0.20200127165511-e44b21ca3097/go.mod h1:vHBaEPR6HTx5FPmqmedevtxc41lVPydsjyLhSHgOKHQ=
github.com/nortonlifelock/nexpose v1.0.1-0.20200127180156-5a974d158c2e/go.mod h1:aurFSIEAFPgHHzv2cg/AOq8d08Vdtkzd25AUD3M0cyg=
github.com/nortonlifelock/qualys v1.0.1-0.20200128212441-a43906ff3ce5/go.mod h1:vSccSglfYBSHQ+2m5SOsatyPquG1gUg7gqbF5WG0/IU=
github.com/nortonlifelock/qualys v1.0.1-0.20200211162435-f3e1837dbe01/go.mod h1:vSccSglfYBSHQ+2m5SOsatyPquG1gUg7gqbF5WG0/IU=
github.com/nortonlifelock/scaffold v1.0.1-0.20200127165521-bf78a33de233/go.mod h1:W3Qq1Z8VA7UWsCTN3ERhXoVhKR3V3040TgSYHbZdgJk=
github.com/nortonlifelock/scaffold v1.0.1-0.20200128220520-41da8a42d6d5/go.mod h1:b2DtRDRTFzZHPiyygHT9ZWGKG3JhxuUMNOKl576HjDU=
github.com/nortonlifelock/ttl v1.0.0/go.mod h1:3G7lTpUWzd6pHPO/k3LGkM7jp+ztEq8oZ1C+o+BQ2l0=
github.com/pkg/errors v0.8.0/go.mod h1:bwawxfHBFNV+L2hUp1rHADufV3IMtnDRdf1r5NINEl0=
github.com/pkg/errors v0.8.1 h1:iURUrRGxPUNPdy5/HRSm+Yj6okJ6UtLINN0Q9M4+h3I=
github.com/pkg/errors v0.8.1/go.mod h1:bwawxfHBFNV+L2hUp1rHADufV3IMtnDRdf1r5NINEl0=
github.com/pkg/errors v0.9.1 h1:FEBLx1zS214owpjy7qsBeixbURkuhQAwrK5UwLGTwt4=
github.com/pkg/errors v0.9.1/go.mod h1:bwawxfHBFNV+L2hUp1rHADufV3IMtnDRdf1r5NINEl0=
github.com/pmezard/go-difflib v1.0.0 h1:4DBwDE0NGyQoBHbLQYPwSUPoCMWR5BEzIk/f1lZbAQM=
github.com/pmezard/go-difflib v1.0.0/go.mod h1:iKH77koFhYxTK1pcRnkKkqfTogsbg7gZNVY4sRDYZ/4=
github.com/stretchr/objx v0.1.0/go.mod h1:HFkY916IF+rwdDfMAkV7OtwuqBVzrE8GR6GFx+wExME=
github.com/stretchr/testify v1.3.0/go.mod h1:M5WIy9Dh21IEIfnGCwXGc5bZfKNJtfHm1UVUgZn+9EI=
github.com/stretchr/testify v1.4.0 h1:2E4SXV/wtOkTonXsotYi4li6zVWxYlZuYNCXe9XRJyk=
github.com/stretchr/testify v1.4.0/go.mod h1:j7eGeouHqKxXV5pUuKE4zz7dFj8WfuZ+81PSLYec5m4=
github.com/trivago/tgo v1.0.1/go.mod h1:w4dpD+3tzNIIiIfkWWa85w5/B77tlvdZckQ+6PkFnhc=
github.com/trivago/tgo v1.0.7/go.mod h1:w4dpD+3tzNIIiIfkWWa85w5/B77tlvdZckQ+6PkFnhc=
golang.org/x/crypto v0.0.0-20190308221718-c2843e01d9a2/go.mod h1:djNgcEr1/C05ACkg1iLfiJU5Ep61QUkGW8qpdssI0+w=
golang.org/x/crypto v0.0.0-20190426145343-a29dc8fdc734/go.mod h1:yigFU9vqHzYiE8UmvKecakEJjdnWj3jj499lnFckfCI=
golang.org/x/crypto v0.0.0-20191206172530-e9b2fee46413/go.mod h1:LzIPMQfyMNhhGPhUkYOs5KpL4U8rLKemX1yGLhDgUto=
golang.org/x/crypto v0.0.0-20191219195013-becbf705a915/go.mod h1:LzIPMQfyMNhhGPhUkYOs5KpL4U8rLKemX1yGLhDgUto=
golang.org/x/crypto v0.0.0-20200117160349-530e935923ad/go.mod h1:LzIPMQfyMNhhGPhUkYOs5KpL4U8rLKemX1yGLhDgUto=
golang.org/x/crypto v0.0.0-20200128174031-69ecbb4d6d5d/go.mod h1:LzIPMQfyMNhhGPhUkYOs5KpL4U8rLKemX1yGLhDgUto=
golang.org/x/net v0.0.0-20180218175443-cbe0f9307d01/go.mod h1:mL1N/T3taQHkDXs73rZJwtUhF3w3ftmwwsq0BUmARs4=
golang.org/x/net v0.0.0-20181114220301-adae6a3d119a/go.mod h1:mL1N/T3taQHkDXs73rZJwtUhF3w3ftmwwsq0BUmARs4=
golang.org/x/net v0.0.0-20190404232315-eb5bcb51f2a3/go.mod h1:t9HGtf8HONx5eT2rtn7q6eTqICYqUVnKs3thJo3Qplg=
golang.org/x/net v0.0.0-20190603091049-60506f45cf65 h1:+rhAzEzT3f4JtomfC371qB+0Ola2caSKcY69NUBZrRQ=
golang.org/x/net v0.0.0-20190603091049-60506f45cf65/go.mod h1:HSz+uSET+XFnRR8LxR5pz3Of3rY3CfYBVs4xY44aLks=
golang.org/x/net v0.0.0-20190620200207-3b0461eec859/go.mod h1:z5CRVTTTmAJ677TzLLGU+0bjPO0LkuOLi4/5GtJWs/s=
golang.org/x/net v0.0.0-20200114155413-6afb5195e5aa h1:F+8P+gmewFQYRk6JoLQLwjBCTu3mcIURZfNkVweuRKA=
golang.org/x/net v0.0.0-20200114155413-6afb5195e5aa/go.mod h1:z5CRVTTTmAJ677TzLLGU+0bjPO0LkuOLi4/5GtJWs/s=
golang.org/x/sys v0.0.0-20190215142949-d0b11bdaac8a/go.mod h1:STP8DvDyc/dI5b8T5hshtkjS+E42TnysNCUPdjciGhY=
golang.org/x/sys v0.0.0-20190412213103-97732733099d/go.mod h1:h1NjWce9XRLGQEsW7wpKNCjG9DtNlClVuFLEZdDNbEs=
golang.org/x/sys v0.0.0-20200124204421-9fbb57f87de9/go.mod h1:h1NjWce9XRLGQEsW7wpKNCjG9DtNlClVuFLEZdDNbEs=
golang.org/x/text v0.3.0/go.mod h1:NqM8EUOU14njkJ3fqMW+pc6Ldnwhi/IjpwHt7yyuwOQ=
golang.org/x/text v0.3.2 h1:tW2bmiBqwgJj/UpqtC8EpXEZVYOwU0yG4iWbprSVAcs=
golang.org/x/text v0.3.2/go.mod h1:bEr9sfX3Q8Zfm5fL9x+3itogRgK3+ptLWKqgva+5dAk=
golang.org/x/tools v0.0.0-20180917221912-90fa682c2a6e/go.mod h1:n7NCudcB/nEzxVGmLbDWY5pfWTLqBcC2KZ6jyYvM4mQ=
google.golang.org/appengine v1.6.5 h1:tycE03LOZYQNhDpS27tcQdAzLCVMaj7QT2SXxebnpCM=
google.golang.org/appengine v1.6.5/go.mod h1:8WjMMxjGQR8xUklV/ARdw2HLXBOI7O7uCIDZVag1xfc=
gopkg.in/check.v1 v0.0.0-20161208181325-20d25e280405 h1:yhCVgyC4o1eVCa2tZl7eS0r+SDo693bJlVdllGtEeKM=
gopkg.in/check.v1 v0.0.0-20161208181325-20d25e280405/go.mod h1:Co6ibVJAznAaIkqp8huTwlJQCZ016jof/cbN4VW5Yz0=
gopkg.in/yaml.v2 v2.2.2 h1:ZCJp+EgiOT7lHqUV2J862kp8Qj64Jo6az82+3Td9dZw=
gopkg.in/yaml.v2 v2.2.2/go.mod h1:hI93XBmqTisBFMUTm0b8Fm+jr3Dg1NNxqwp+5A1VGuI=
