github.com/benjivesterby/validator v1.0.0 h1:tH7Nmf9jTTyOUVxFDof71EbsBDYBAEkoKFF90m/7mnE=
github.com/benjivesterby/validator v1.0.0/go.mod h1:Z+2cejivNzuwe6GpnMfhRee5HUWzNCZgiKZCVpJEkAo=
github.com/pkg/errors v0.8.1 h1:iURUrRGxPUNPdy5/HRSm+Yj6okJ6UtLINN0Q9M4+h3I=
github.com/pkg/errors v0.8.1/go.mod h1:bwawxfHBFNV+L2hUp1rHADufV3IMtnDRdf1r5NINEl0=
