github.com/benjivesterby/validator v1.0.0 h1:tH7Nmf9jTTyOUVxFDof71EbsBDYBAEkoKFF90m/7mnE=
github.com/benjivesterby/validator v1.0.0/go.mod h1:Z+2cejivNzuwe6GpnMfhRee5HUWzNCZgiKZCVpJEkAo=
github.com/benjivesterby/validator v1.0.1-0.20200101181545-cfd93a3612a2/go.mod h1:Z+2cejivNzuwe6GpnMfhRee5HUWzNCZgiKZCVpJEkAo=
github.com/nortonlifelock/files v1.0.0 h1:AKhTO0ozZsznao9tgrDbNkjaILPFadyBqWIKqSK4ylg=
github.com/nortonlifelock/files v1.0.0/go.mod h1:ysI+Id+8FykfZXLfd2dflw17naIW8ePei/rgLmTBIfM=
github.com/nortonlifelock/files v1.0.1-0.20200127165427-5178f1323f54/go.mod h1:1oRpox7YM9AF1C2IqcOzEaEozMBf4g6w49LanGm14qk=
github.com/pkg/errors v0.8.1 h1:iURUrRGxPUNPdy5/HRSm+Yj6okJ6UtLINN0Q9M4+h3I=
github.com/pkg/errors v0.8.1/go.mod h1:bwawxfHBFNV+L2hUp1rHADufV3IMtnDRdf1r5NINEl0=
github.com/pkg/errors v0.9.1 h1:FEBLx1zS214owpjy7qsBeixbURkuhQAwrK5UwLGTwt4=
github.com/pkg/errors v0.9.1/go.mod h1:bwawxfHBFNV+L2hUp1rHADufV3IMtnDRdf1r5NINEl0=
